// !$*UTF8*$!
{
	archiveVersion = 1;
	classes = {
	};
	objectVersion = 55;
	objects = {

/* Begin PBXBuildFile section */
		41CED2462B1B58A500AABF21 /* AppDelegate.swift in Sources */ = {isa = PBXBuildFile; fileRef = 41CED2452B1B58A500AABF21 /* AppDelegate.swift */; };
		41CED2482B1B58A500AABF21 /* SceneDelegate.swift in Sources */ = {isa = PBXBuildFile; fileRef = 41CED2472B1B58A500AABF21 /* SceneDelegate.swift */; };
		41CED2522B1B58A700AABF21 /* LaunchScreen.storyboard in Resources */ = {isa = PBXBuildFile; fileRef = 41CED2502B1B58A700AABF21 /* LaunchScreen.storyboard */; };
		41CED25A2B1B59EE00AABF21 /* Main.storyboard in Resources */ = {isa = PBXBuildFile; fileRef = 41CED2592B1B59EE00AABF21 /* Main.storyboard */; };
		41CED25C2B1B5A4600AABF21 /* Assets.xcassets in Resources */ = {isa = PBXBuildFile; fileRef = 41CED25B2B1B5A4600AABF21 /* Assets.xcassets */; };
		41CED2652B1B5C1500AABF21 /* HomeViewModel.swift in Sources */ = {isa = PBXBuildFile; fileRef = 41CED25E2B1B5C1500AABF21 /* HomeViewModel.swift */; };
		41CED2662B1B5C1500AABF21 /* HomeViewController.swift in Sources */ = {isa = PBXBuildFile; fileRef = 41CED25F2B1B5C1500AABF21 /* HomeViewController.swift */; };
		41CED2772B1B5CD400AABF21 /* User.swift in Sources */ = {isa = PBXBuildFile; fileRef = 41CED26C2B1B5CD300AABF21 /* User.swift */; };
		41CED2782B1B5CD400AABF21 /* PostsData.swift in Sources */ = {isa = PBXBuildFile; fileRef = 41CED26D2B1B5CD300AABF21 /* PostsData.swift */; };
		41CED2792B1B5CD400AABF21 /* AuthenticationManager.swift in Sources */ = {isa = PBXBuildFile; fileRef = 41CED26F2B1B5CD300AABF21 /* AuthenticationManager.swift */; };
		41CED27A2B1B5CD400AABF21 /* NetworkManager.swift in Sources */ = {isa = PBXBuildFile; fileRef = 41CED2702B1B5CD300AABF21 /* NetworkManager.swift */; };
		41CED27B2B1B5CD400AABF21 /* Constants.swift in Sources */ = {isa = PBXBuildFile; fileRef = 41CED2712B1B5CD400AABF21 /* Constants.swift */; };
		41CED27D2B1B5CD400AABF21 /* SignInViewModel.swift in Sources */ = {isa = PBXBuildFile; fileRef = 41CED2752B1B5CD400AABF21 /* SignInViewModel.swift */; };
		41CED27E2B1B5CD400AABF21 /* SignInViewController.swift in Sources */ = {isa = PBXBuildFile; fileRef = 41CED2762B1B5CD400AABF21 /* SignInViewController.swift */; };
/* End PBXBuildFile section */

/* Begin PBXFileReference section */
		41CED2422B1B58A500AABF21 /* Food-Advisor-StoryBoard.app */ = {isa = PBXFileReference; explicitFileType = wrapper.application; includeInIndex = 0; path = "Food-Advisor-StoryBoard.app"; sourceTree = BUILT_PRODUCTS_DIR; };
		41CED2452B1B58A500AABF21 /* AppDelegate.swift */ = {isa = PBXFileReference; lastKnownFileType = sourcecode.swift; path = AppDelegate.swift; sourceTree = "<group>"; };
		41CED2472B1B58A500AABF21 /* SceneDelegate.swift */ = {isa = PBXFileReference; lastKnownFileType = sourcecode.swift; path = SceneDelegate.swift; sourceTree = "<group>"; };
		41CED2512B1B58A700AABF21 /* Base */ = {isa = PBXFileReference; lastKnownFileType = file.storyboard; name = Base; path = Base.lproj/LaunchScreen.storyboard; sourceTree = "<group>"; };
		41CED2532B1B58A700AABF21 /* Info.plist */ = {isa = PBXFileReference; lastKnownFileType = text.plist.xml; path = Info.plist; sourceTree = "<group>"; };
		41CED2592B1B59EE00AABF21 /* Main.storyboard */ = {isa = PBXFileReference; fileEncoding = 4; lastKnownFileType = file.storyboard; path = Main.storyboard; sourceTree = "<group>"; };
		41CED25B2B1B5A4600AABF21 /* Assets.xcassets */ = {isa = PBXFileReference; lastKnownFileType = folder.assetcatalog; path = Assets.xcassets; sourceTree = "<group>"; };
		41CED25E2B1B5C1500AABF21 /* HomeViewModel.swift */ = {isa = PBXFileReference; fileEncoding = 4; lastKnownFileType = sourcecode.swift; path = HomeViewModel.swift; sourceTree = "<group>"; };
		41CED25F2B1B5C1500AABF21 /* HomeViewController.swift */ = {isa = PBXFileReference; fileEncoding = 4; lastKnownFileType = sourcecode.swift; path = HomeViewController.swift; sourceTree = "<group>"; };
		41CED26C2B1B5CD300AABF21 /* User.swift */ = {isa = PBXFileReference; fileEncoding = 4; lastKnownFileType = sourcecode.swift; path = User.swift; sourceTree = "<group>"; };
		41CED26D2B1B5CD300AABF21 /* PostsData.swift */ = {isa = PBXFileReference; fileEncoding = 4; lastKnownFileType = sourcecode.swift; path = PostsData.swift; sourceTree = "<group>"; };
		41CED26F2B1B5CD300AABF21 /* AuthenticationManager.swift */ = {isa = PBXFileReference; fileEncoding = 4; lastKnownFileType = sourcecode.swift; path = AuthenticationManager.swift; sourceTree = "<group>"; };
		41CED2702B1B5CD300AABF21 /* NetworkManager.swift */ = {isa = PBXFileReference; fileEncoding = 4; lastKnownFileType = sourcecode.swift; path = NetworkManager.swift; sourceTree = "<group>"; };
		41CED2712B1B5CD400AABF21 /* Constants.swift */ = {isa = PBXFileReference; fileEncoding = 4; lastKnownFileType = sourcecode.swift; path = Constants.swift; sourceTree = "<group>"; };
		41CED2752B1B5CD400AABF21 /* SignInViewModel.swift */ = {isa = PBXFileReference; fileEncoding = 4; lastKnownFileType = sourcecode.swift; path = SignInViewModel.swift; sourceTree = "<group>"; };
		41CED2762B1B5CD400AABF21 /* SignInViewController.swift */ = {isa = PBXFileReference; fileEncoding = 4; lastKnownFileType = sourcecode.swift; path = SignInViewController.swift; sourceTree = "<group>"; };
/* End PBXFileReference section */

/* Begin PBXFrameworksBuildPhase section */
		41CED23F2B1B58A500AABF21 /* Frameworks */ = {
			isa = PBXFrameworksBuildPhase;
			buildActionMask = 2147483647;
			files = (
			);
			runOnlyForDeploymentPostprocessing = 0;
		};
/* End PBXFrameworksBuildPhase section */

/* Begin PBXGroup section */
		41CED2392B1B58A500AABF21 = {
			isa = PBXGroup;
			children = (
				41CED2442B1B58A500AABF21 /* Food-Advisor-StoryBoard */,
				41CED2432B1B58A500AABF21 /* Products */,
			);
			sourceTree = "<group>";
		};
		41CED2432B1B58A500AABF21 /* Products */ = {
			isa = PBXGroup;
			children = (
				41CED2422B1B58A500AABF21 /* Food-Advisor-StoryBoard.app */,
			);
			name = Products;
			sourceTree = "<group>";
		};
		41CED2442B1B58A500AABF21 /* Food-Advisor-StoryBoard */ = {
			isa = PBXGroup;
			children = (
				41CED2452B1B58A500AABF21 /* AppDelegate.swift */,
				41CED2472B1B58A500AABF21 /* SceneDelegate.swift */,
				41CED2712B1B5CD400AABF21 /* Constants.swift */,
				41CED26B2B1B5CD300AABF21 /* Models */,
				41CED26E2B1B5CD300AABF21 /* NetworkLayer */,
				41CED2722B1B5CD400AABF21 /* SignIn */,
				41CED25D2B1B5C1500AABF21 /* Home */,
				41CED2592B1B59EE00AABF21 /* Main.storyboard */,
				41CED25B2B1B5A4600AABF21 /* Assets.xcassets */,
				41CED2502B1B58A700AABF21 /* LaunchScreen.storyboard */,
				41CED2532B1B58A700AABF21 /* Info.plist */,
			);
			path = "Food-Advisor-StoryBoard";
			sourceTree = "<group>";
		};
		41CED25D2B1B5C1500AABF21 /* Home */ = {
			isa = PBXGroup;
			children = (
				41CED25E2B1B5C1500AABF21 /* HomeViewModel.swift */,
				41CED25F2B1B5C1500AABF21 /* HomeViewController.swift */,
			);
			path = Home;
			sourceTree = "<group>";
		};
		41CED26B2B1B5CD300AABF21 /* Models */ = {
			isa = PBXGroup;
			children = (
				41CED26C2B1B5CD300AABF21 /* User.swift */,
				41CED26D2B1B5CD300AABF21 /* PostsData.swift */,
			);
			path = Models;
			sourceTree = "<group>";
		};
		41CED26E2B1B5CD300AABF21 /* NetworkLayer */ = {
			isa = PBXGroup;
			children = (
				41CED26F2B1B5CD300AABF21 /* AuthenticationManager.swift */,
				41CED2702B1B5CD300AABF21 /* NetworkManager.swift */,
			);
			path = NetworkLayer;
			sourceTree = "<group>";
		};
		41CED2722B1B5CD400AABF21 /* SignIn */ = {
			isa = PBXGroup;
			children = (
				41CED2752B1B5CD400AABF21 /* SignInViewModel.swift */,
				41CED2762B1B5CD400AABF21 /* SignInViewController.swift */,
			);
			path = SignIn;
			sourceTree = "<group>";
		};
/* End PBXGroup section */

/* Begin PBXNativeTarget section */
		41CED2412B1B58A500AABF21 /* Food-Advisor-StoryBoard */ = {
			isa = PBXNativeTarget;
			buildConfigurationList = 41CED2562B1B58A700AABF21 /* Build configuration list for PBXNativeTarget "Food-Advisor-StoryBoard" */;
			buildPhases = (
				41CED23E2B1B58A500AABF21 /* Sources */,
				41CED23F2B1B58A500AABF21 /* Frameworks */,
				41CED2402B1B58A500AABF21 /* Resources */,
			);
			buildRules = (
			);
			dependencies = (
			);
			name = "Food-Advisor-StoryBoard";
			productName = "Food-Advisor-StoryBoard";
			productReference = 41CED2422B1B58A500AABF21 /* Food-Advisor-StoryBoard.app */;
			productType = "com.apple.product-type.application";
		};
/* End PBXNativeTarget section */

/* Begin PBXProject section */
		41CED23A2B1B58A500AABF21 /* Project object */ = {
			isa = PBXProject;
			attributes = {
				BuildIndependentTargetsInParallel = 1;
				LastSwiftUpdateCheck = 1320;
				LastUpgradeCheck = 1320;
				TargetAttributes = {
					41CED2412B1B58A500AABF21 = {
						CreatedOnToolsVersion = 13.2.1;
					};
				};
			};
			buildConfigurationList = 41CED23D2B1B58A500AABF21 /* Build configuration list for PBXProject "Food-Advisor-StoryBoard" */;
			compatibilityVersion = "Xcode 13.0";
			developmentRegion = en;
			hasScannedForEncodings = 0;
			knownRegions = (
				en,
				Base,
			);
			mainGroup = 41CED2392B1B58A500AABF21;
			productRefGroup = 41CED2432B1B58A500AABF21 /* Products */;
			projectDirPath = "";
			projectRoot = "";
			targets = (
				41CED2412B1B58A500AABF21 /* Food-Advisor-StoryBoard */,
			);
		};
/* End PBXProject section */

/* Begin PBXResourcesBuildPhase section */
		41CED2402B1B58A500AABF21 /* Resources */ = {
			isa = PBXResourcesBuildPhase;
			buildActionMask = 2147483647;
			files = (
				41CED25A2B1B59EE00AABF21 /* Main.storyboard in Resources */,
				41CED25C2B1B5A4600AABF21 /* Assets.xcassets in Resources */,
				41CED2522B1B58A700AABF21 /* LaunchScreen.storyboard in Resources */,
			);
			runOnlyForDeploymentPostprocessing = 0;
		};
/* End PBXResourcesBuildPhase section */

/* Begin PBXSourcesBuildPhase section */
		41CED23E2B1B58A500AABF21 /* Sources */ = {
			isa = PBXSourcesBuildPhase;
			buildActionMask = 2147483647;
			files = (
				41CED2462B1B58A500AABF21 /* AppDelegate.swift in Sources */,
				41CED2652B1B5C1500AABF21 /* HomeViewModel.swift in Sources */,
				41CED2792B1B5CD400AABF21 /* AuthenticationManager.swift in Sources */,
				41CED2482B1B58A500AABF21 /* SceneDelegate.swift in Sources */,
				41CED27A2B1B5CD400AABF21 /* NetworkManager.swift in Sources */,
				41CED2782B1B5CD400AABF21 /* PostsData.swift in Sources */,
				41CED2772B1B5CD400AABF21 /* User.swift in Sources */,
				41CED27E2B1B5CD400AABF21 /* SignInViewController.swift in Sources */,
				41CED27D2B1B5CD400AABF21 /* SignInViewModel.swift in Sources */,
				41CED2662B1B5C1500AABF21 /* HomeViewController.swift in Sources */,
				41CED27B2B1B5CD400AABF21 /* Constants.swift in Sources */,
			);
			runOnlyForDeploymentPostprocessing = 0;
		};
/* End PBXSourcesBuildPhase section */

/* Begin PBXVariantGroup section */
		41CED2502B1B58A700AABF21 /* LaunchScreen.storyboard */ = {
			isa = PBXVariantGroup;
			children = (
				41CED2512B1B58A700AABF21 /* Base */,
			);
			name = LaunchScreen.storyboard;
			sourceTree = "<group>";
		};
/* End PBXVariantGroup section */

/* Begin XCBuildConfiguration section */
		41CED2542B1B58A700AABF21 /* Debug */ = {
			isa = XCBuildConfiguration;
			buildSettings = {
				ALWAYS_SEARCH_USER_PATHS = NO;
				CLANG_ANALYZER_NONNULL = YES;
				CLANG_ANALYZER_NUMBER_OBJECT_CONVERSION = YES_AGGRESSIVE;
				CLANG_CXX_LANGUAGE_STANDARD = "gnu++17";
				CLANG_CXX_LIBRARY = "libc++";
				CLANG_ENABLE_MODULES = YES;
				CLANG_ENABLE_OBJC_ARC = YES;
				CLANG_ENABLE_OBJC_WEAK = YES;
				CLANG_WARN_BLOCK_CAPTURE_AUTORELEASING = YES;
				CLANG_WARN_BOOL_CONVERSION = YES;
				CLANG_WARN_COMMA = YES;
				CLANG_WARN_CONSTANT_CONVERSION = YES;
				CLANG_WARN_DEPRECATED_OBJC_IMPLEMENTATIONS = YES;
				CLANG_WARN_DIRECT_OBJC_ISA_USAGE = YES_ERROR;
				CLANG_WARN_DOCUMENTATION_COMMENTS = YES;
				CLANG_WARN_EMPTY_BODY = YES;
				CLANG_WARN_ENUM_CONVERSION = YES;
				CLANG_WARN_INFINITE_RECURSION = YES;
				CLANG_WARN_INT_CONVERSION = YES;
				CLANG_WARN_NON_LITERAL_NULL_CONVERSION = YES;
				CLANG_WARN_OBJC_IMPLICIT_RETAIN_SELF = YES;
				CLANG_WARN_OBJC_LITERAL_CONVERSION = YES;
				CLANG_WARN_OBJC_ROOT_CLASS = YES_ERROR;
				CLANG_WARN_QUOTED_INCLUDE_IN_FRAMEWORK_HEADER = YES;
				CLANG_WARN_RANGE_LOOP_ANALYSIS = YES;
				CLANG_WARN_STRICT_PROTOTYPES = YES;
				CLANG_WARN_SUSPICIOUS_MOVE = YES;
				CLANG_WARN_UNGUARDED_AVAILABILITY = YES_AGGRESSIVE;
				CLANG_WARN_UNREACHABLE_CODE = YES;
				CLANG_WARN__DUPLICATE_METHOD_MATCH = YES;
				COPY_PHASE_STRIP = NO;
				DEBUG_INFORMATION_FORMAT = dwarf;
				ENABLE_STRICT_OBJC_MSGSEND = YES;
				ENABLE_TESTABILITY = YES;
				GCC_C_LANGUAGE_STANDARD = gnu11;
				GCC_DYNAMIC_NO_PIC = NO;
				GCC_NO_COMMON_BLOCKS = YES;
				GCC_OPTIMIZATION_LEVEL = 0;
				GCC_PREPROCESSOR_DEFINITIONS = (
					"DEBUG=1",
					"$(inherited)",
				);
				GCC_WARN_64_TO_32_BIT_CONVERSION = YES;
				GCC_WARN_ABOUT_RETURN_TYPE = YES_ERROR;
				GCC_WARN_UNDECLARED_SELECTOR = YES;
				GCC_WARN_UNINITIALIZED_AUTOS = YES_AGGRESSIVE;
				GCC_WARN_UNUSED_FUNCTION = YES;
				GCC_WARN_UNUSED_VARIABLE = YES;
				IPHONEOS_DEPLOYMENT_TARGET = 15.2;
				MTL_ENABLE_DEBUG_INFO = INCLUDE_SOURCE;
				MTL_FAST_MATH = YES;
				ONLY_ACTIVE_ARCH = YES;
				SDKROOT = iphoneos;
				SWIFT_ACTIVE_COMPILATION_CONDITIONS = DEBUG;
				SWIFT_OPTIMIZATION_LEVEL = "-Onone";
			};
			name = Debug;
		};
		41CED2552B1B58A700AABF21 /* Release */ = {
			isa = XCBuildConfiguration;
			buildSettings = {
				ALWAYS_SEARCH_USER_PATHS = NO;
				CLANG_ANALYZER_NONNULL = YES;
				CLANG_ANALYZER_NUMBER_OBJECT_CONVERSION = YES_AGGRESSIVE;
				CLANG_CXX_LANGUAGE_STANDARD = "gnu++17";
				CLANG_CXX_LIBRARY = "libc++";
				CLANG_ENABLE_MODULES = YES;
				CLANG_ENABLE_OBJC_ARC = YES;
				CLANG_ENABLE_OBJC_WEAK = YES;
				CLANG_WARN_BLOCK_CAPTURE_AUTORELEASING = YES;
				CLANG_WARN_BOOL_CONVERSION = YES;
				CLANG_WARN_COMMA = YES;
				CLANG_WARN_CONSTANT_CONVERSION = YES;
				CLANG_WARN_DEPRECATED_OBJC_IMPLEMENTATIONS = YES;
				CLANG_WARN_DIRECT_OBJC_ISA_USAGE = YES_ERROR;
				CLANG_WARN_DOCUMENTATION_COMMENTS = YES;
				CLANG_WARN_EMPTY_BODY = YES;
				CLANG_WARN_ENUM_CONVERSION = YES;
				CLANG_WARN_INFINITE_RECURSION = YES;
				CLANG_WARN_INT_CONVERSION = YES;
				CLANG_WARN_NON_LITERAL_NULL_CONVERSION = YES;
				CLANG_WARN_OBJC_IMPLICIT_RETAIN_SELF = YES;
				CLANG_WARN_OBJC_LITERAL_CONVERSION = YES;
				CLANG_WARN_OBJC_ROOT_CLASS = YES_ERROR;
				CLANG_WARN_QUOTED_INCLUDE_IN_FRAMEWORK_HEADER = YES;
				CLANG_WARN_RANGE_LOOP_ANALYSIS = YES;
				CLANG_WARN_STRICT_PROTOTYPES = YES;
				CLANG_WARN_SUSPICIOUS_MOVE = YES;
				CLANG_WARN_UNGUARDED_AVAILABILITY = YES_AGGRESSIVE;
				CLANG_WARN_UNREACHABLE_CODE = YES;
				CLANG_WARN__DUPLICATE_METHOD_MATCH = YES;
				COPY_PHASE_STRIP = NO;
				DEBUG_INFORMATION_FORMAT = "dwarf-with-dsym";
				ENABLE_NS_ASSERTIONS = NO;
				ENABLE_STRICT_OBJC_MSGSEND = YES;
				GCC_C_LANGUAGE_STANDARD = gnu11;
				GCC_NO_COMMON_BLOCKS = YES;
				GCC_WARN_64_TO_32_BIT_CONVERSION = YES;
				GCC_WARN_ABOUT_RETURN_TYPE = YES_ERROR;
				GCC_WARN_UNDECLARED_SELECTOR = YES;
				GCC_WARN_UNINITIALIZED_AUTOS = YES_AGGRESSIVE;
				GCC_WARN_UNUSED_FUNCTION = YES;
				GCC_WARN_UNUSED_VARIABLE = YES;
				IPHONEOS_DEPLOYMENT_TARGET = 15.2;
				MTL_ENABLE_DEBUG_INFO = NO;
				MTL_FAST_MATH = YES;
				SDKROOT = iphoneos;
				SWIFT_COMPILATION_MODE = wholemodule;
				SWIFT_OPTIMIZATION_LEVEL = "-O";
				VALIDATE_PRODUCT = YES;
			};
			name = Release;
		};
		41CED2572B1B58A700AABF21 /* Debug */ = {
			isa = XCBuildConfiguration;
			buildSettings = {
				ASSETCATALOG_COMPILER_APPICON_NAME = AppIcon;
				ASSETCATALOG_COMPILER_GLOBAL_ACCENT_COLOR_NAME = AccentColor;
				CODE_SIGN_STYLE = Automatic;
				CURRENT_PROJECT_VERSION = 1;
				GENERATE_INFOPLIST_FILE = YES;
				INFOPLIST_FILE = "Food-Advisor-StoryBoard/Info.plist";
				INFOPLIST_KEY_UIApplicationSupportsIndirectInputEvents = YES;
				INFOPLIST_KEY_UILaunchStoryboardName = LaunchScreen;
				INFOPLIST_KEY_UIMainStoryboardFile = Main;
				INFOPLIST_KEY_UISupportedInterfaceOrientations_iPad = "UIInterfaceOrientationPortrait UIInterfaceOrientationPortraitUpsideDown UIInterfaceOrientationLandscapeLeft UIInterfaceOrientationLandscapeRight";
				INFOPLIST_KEY_UISupportedInterfaceOrientations_iPhone = "UIInterfaceOrientationPortrait UIInterfaceOrientationLandscapeLeft UIInterfaceOrientationLandscapeRight";
				LD_RUNPATH_SEARCH_PATHS = (
					"$(inherited)",
					"@executable_path/Frameworks",
				);
				MARKETING_VERSION = 1.0;
				PRODUCT_BUNDLE_IDENTIFIER = "mohamedSaiko.Food-Advisor-StoryBoard";
				PRODUCT_NAME = "$(TARGET_NAME)";
				SWIFT_EMIT_LOC_STRINGS = YES;
				SWIFT_VERSION = 5.0;
				TARGETED_DEVICE_FAMILY = "1,2";
			};
			name = Debug;
		};
		41CED2582B1B58A700AABF21 /* Release */ = {
			isa = XCBuildConfiguration;
			buildSettings = {
				ASSETCATALOG_COMPILER_APPICON_NAME = AppIcon;
				ASSETCATALOG_COMPILER_GLOBAL_ACCENT_COLOR_NAME = AccentColor;
				CODE_SIGN_STYLE = Automatic;
				CURRENT_PROJECT_VERSION = 1;
				GENERATE_INFOPLIST_FILE = YES;
				INFOPLIST_FILE = "Food-Advisor-StoryBoard/Info.plist";
				INFOPLIST_KEY_UIApplicationSupportsIndirectInputEvents = YES;
				INFOPLIST_KEY_UILaunchStoryboardName = LaunchScreen;
				INFOPLIST_KEY_UIMainStoryboardFile = Main;
				INFOPLIST_KEY_UISupportedInterfaceOrientations_iPad = "UIInterfaceOrientationPortrait UIInterfaceOrientationPortraitUpsideDown UIInterfaceOrientationLandscapeLeft UIInterfaceOrientationLandscapeRight";
				INFOPLIST_KEY_UISupportedInterfaceOrientations_iPhone = "UIInterfaceOrientationPortrait UIInterfaceOrientationLandscapeLeft UIInterfaceOrientationLandscapeRight";
				LD_RUNPATH_SEARCH_PATHS = (
					"$(inherited)",
					"@executable_path/Frameworks",
				);
				MARKETING_VERSION = 1.0;
				PRODUCT_BUNDLE_IDENTIFIER = "mohamedSaiko.Food-Advisor-StoryBoard";
				PRODUCT_NAME = "$(TARGET_NAME)";
				SWIFT_EMIT_LOC_STRINGS = YES;
				SWIFT_VERSION = 5.0;
				TARGETED_DEVICE_FAMILY = "1,2";
			};
			name = Release;
		};
/* End XCBuildConfiguration section */

/* Begin XCConfigurationList section */
		41CED23D2B1B58A500AABF21 /* Build configuration list for PBXProject "Food-Advisor-StoryBoard" */ = {
			isa = XCConfigurationList;
			buildConfigurations = (
				41CED2542B1B58A700AABF21 /* Debug */,
				41CED2552B1B58A700AABF21 /* Release */,
			);
			defaultConfigurationIsVisible = 0;
			defaultConfigurationName = Release;
		};
		41CED2562B1B58A700AABF21 /* Build configuration list for PBXNativeTarget "Food-Advisor-StoryBoard" */ = {
			isa = XCConfigurationList;
			buildConfigurations = (
				41CED2572B1B58A700AABF21 /* Debug */,
				41CED2582B1B58A700AABF21 /* Release */,
			);
			defaultConfigurationIsVisible = 0;
			defaultConfigurationName = Release;
		};
/* End XCConfigurationList section */
	};
	rootObject = 41CED23A2B1B58A500AABF21 /* Project object */;
}
